
Microsoft Visual Studio Solution File, Format Version 11.00
# Visual Studio 2010
Project("{FAE04EC0-301F-11D3-BF4B-00C04F79EFBC}") = "Assembly-CSharp", "Assembly-CSharp.csproj", "{60AD61A1-82D9-55F9-1308-9D80C818813B}"
EndProject
Global
	GlobalSection(SolutionConfigurationPlatforms) = preSolution
		Debug|Any CPU = Debug|Any CPU
		Release|Any CPU = Release|Any CPU
	EndGlobalSection
	GlobalSection(ProjectConfigurationPlatforms) = postSolution
		{60AD61A1-82D9-55F9-1308-9D80C818813B}.Debug|Any CPU.ActiveCfg = Debug|Any CPU
		{60AD61A1-82D9-55F9-1308-9D80C818813B}.Debug|Any CPU.Build.0 = Debug|Any CPU
		{60AD61A1-82D9-55F9-1308-9D80C818813B}.Release|Any CPU.ActiveCfg = Release|Any CPU
		{60AD61A1-82D9-55F9-1308-9D80C818813B}.Release|Any CPU.Build.0 = Release|Any CPU
	EndGlobalSection
	GlobalSection(SolutionProperties) = preSolution
		HideSolutionNode = FALSE
	EndGlobalSection
	GlobalSection(MonoDevelopProperties) = preSolution
		StartupItem = Assembly-CSharp.csproj
	EndGlobalSection
EndGlobal
